
Microsoft Visual Studio Solution File, Format Version 12.00
# Visual Studio Version 17
VisualStudioVersion = 17.11.35222.181
MinimumVisualStudioVersion = 10.0.40219.1
Project("{FAE04EC0-301F-11D3-BF4B-00C04F79EFBC}") = "QuanLyNhaHang_DATN", "QuanLyNhaHang_DATN\QuanLyNhaHang_DATN.csproj", "{12D9DF51-B849-491D-A244-D96DF5573140}"
EndProject
Global
	GlobalSection(SolutionConfigurationPlatforms) = preSolution
		Debug|Any CPU = Debug|Any CPU
		Release|Any CPU = Release|Any CPU
	EndGlobalSection
	GlobalSection(ProjectConfigurationPlatforms) = postSolution
		{12D9DF51-B849-491D-A244-D96DF5573140}.Debug|Any CPU.ActiveCfg = Debug|Any CPU
		{12D9DF51-B849-491D-A244-D96DF5573140}.Debug|Any CPU.Build.0 = Debug|Any CPU
		{12D9DF51-B849-491D-A244-D96DF5573140}.Release|Any CPU.ActiveCfg = Release|Any CPU
		{12D9DF51-B849-491D-A244-D96DF5573140}.Release|Any CPU.Build.0 = Release|Any CPU
	EndGlobalSection
	GlobalSection(SolutionProperties) = preSolution
		HideSolutionNode = FALSE
	EndGlobalSection
	GlobalSection(ExtensibilityGlobals) = postSolution
		SolutionGuid = {04405716-B26E-4C49-86DC-EB55D8B2D21E}
	EndGlobalSection
EndGlobal
